{
  "nodes": {
    "nixpkgs": {
      "locked": {
        "lastModified": 1787209939,
        "narHash": "sha256-WvvHR4kSQLAbtouMC/ruZ5UpLwlUcY3K4FAllMN+yGk=",
        "owner": "NixOS",
        "repo": "nixpkgs",
        "rev": "391b592eb44808b3bd0cb80bb71b63a5a118b8bb",
        "type": "github"
      },
      "original": {
        "owner": "NixOS",
        "ref": "nixpkgs-unstable",
        "repo": "nixpkgs",
        "type": "github"
      }
    },
    "root": {
      "inputs": {
        "nixpkgs": "nixpkgs",
        "svg_builder": "svg_builder"
      }
    },
    "svg_builder": {
      "inputs": {
        "nixpkgs": [
          "nixpkgs"
        ]
      },
      "locked": {
        "lastModified": 1787341239,
        "narHash": "sha256-jGI8EABfhX9sGEUf2iJt1aQa9RPIfQtXHjbr87+7kR4=",
        "ref": "refs/heads/master",
        "rev": "6daeb1fa261d4dd994330ac06cb8bb457b63de42",
        "revCount": 69,
        "type": "git",
        "url": "ssh://git@github.com/M4jor-Tom/theta_svg_builder.py.git"
      },
      "original": {
        "type": "git",
        "url": "ssh://git@github.com/M4jor-Tom/theta_svg_builder.py.git"
      }
    }
  },
  "root": "root",
  "version": 7
}
